langcode: en
status: true
dependencies:
  enforced:
    theme:
      - hdbt_subtheme
  module:
    - node
id: hdbt_subtheme_newsarticleheroblock
theme: hdbt_subtheme
region: before_content
weight: -11
provider: null
plugin: news_article_hero_block
settings:
  id: news_article_hero_block
  label: 'News article hero block'
  label_display: '0'
  provider: helfi_node_news_article
visibility:
  'entity_bundle:node':
    id: 'entity_bundle:node'
    negate: false
    context_mapping:
      node: '@node.node_route_context:node'
    bundles:
      news_article: news_article
