uuid: 8279a05a-ec20-4187-861c-1816882301a9
langcode: en
status: true
dependencies:
  module:
    - hdbt_admin_tools
  theme:
    - hdbt
_core:
  default_config_hash: Fj7wa438NI5JwupqhKW9VRrCarkKJ7Ad0gVbeObGfsg
id: lowercontentblock
theme: hdbt
region: after_content
weight: -10
provider: null
plugin: lower_content_block
settings:
  id: lower_content_block
  label: 'Lower content block'
  label_display: '0'
  provider: hdbt_admin_tools
visibility: {  }
