uuid: 1aeeb11d-57fc-4176-8b7f-5cf217188b44
langcode: fi
status: true
dependencies:
  config:
    - field.storage.node.field_show_recommendations_block
    - node.type.news_item
id: node.news_item.field_show_recommendations_block
field_name: field_show_recommendations_block
entity_type: node
bundle: news_item
label: 'Show recommendations block'
description: 'Show automatically recommended content on this page.'
required: false
translatable: false
default_value:
  -
    value: 1
default_value_callback: ''
settings:
  on_label: 'Yes'
  off_label: 'No'
field_type: boolean
